
Microsoft Visual Studio Solution File, Format Version 12.00
# Visual Studio 2013
VisualStudioVersion = 12.0.40629.0
MinimumVisualStudioVersion = 10.0.40219.1
Project("{FAE04EC0-301F-11D3-BF4B-00C04F79EFBC}") = "CDPReporting.UI", "CDPReporting.UI\CDPReporting.UI.csproj", "{3D676DC4-3399-4134-B0D5-4967DE091B59}"
EndProject
Project("{FAE04EC0-301F-11D3-BF4B-00C04F79EFBC}") = "CDPReporting.UI.Tests", "CDPReporting.UI.Tests\CDPReporting.UI.Tests.csproj", "{0CF7DCDF-15D9-4ECE-9206-C32AB79628FA}"
EndProject
Global
	GlobalSection(SolutionConfigurationPlatforms) = preSolution
		Debug|Any CPU = Debug|Any CPU
		Release|Any CPU = Release|Any CPU
	EndGlobalSection
	GlobalSection(ProjectConfigurationPlatforms) = postSolution
		{3D676DC4-3399-4134-B0D5-4967DE091B59}.Debug|Any CPU.ActiveCfg = Debug|Any CPU
		{3D676DC4-3399-4134-B0D5-4967DE091B59}.Debug|Any CPU.Build.0 = Debug|Any CPU
		{3D676DC4-3399-4134-B0D5-4967DE091B59}.Release|Any CPU.ActiveCfg = Release|Any CPU
		{3D676DC4-3399-4134-B0D5-4967DE091B59}.Release|Any CPU.Build.0 = Release|Any CPU
		{0CF7DCDF-15D9-4ECE-9206-C32AB79628FA}.Debug|Any CPU.ActiveCfg = Debug|Any CPU
		{0CF7DCDF-15D9-4ECE-9206-C32AB79628FA}.Debug|Any CPU.Build.0 = Debug|Any CPU
		{0CF7DCDF-15D9-4ECE-9206-C32AB79628FA}.Release|Any CPU.ActiveCfg = Release|Any CPU
		{0CF7DCDF-15D9-4ECE-9206-C32AB79628FA}.Release|Any CPU.Build.0 = Release|Any CPU
	EndGlobalSection
	GlobalSection(SolutionProperties) = preSolution
		HideSolutionNode = FALSE
	EndGlobalSection
EndGlobal
